
Microsoft Visual Studio Solution File, Format Version 12.00
# Visual Studio Version 17
VisualStudioVersion = 17.7.34202.233
MinimumVisualStudioVersion = 10.0.40219.1
Project("{FAE04EC0-301F-11D3-BF4B-00C04F79EFBC}") = "algoritmos de c#", "algoritmos de c#.csproj", "{2D334522-A9D8-4CC2-8E8E-313A60FF4486}"
EndProject
Global
	GlobalSection(SolutionConfigurationPlatforms) = preSolution
		Debug|Any CPU = Debug|Any CPU
		Release|Any CPU = Release|Any CPU
	EndGlobalSection
	GlobalSection(ProjectConfigurationPlatforms) = postSolution
		{2D334522-A9D8-4CC2-8E8E-313A60FF4486}.Debug|Any CPU.ActiveCfg = Debug|Any CPU
		{2D334522-A9D8-4CC2-8E8E-313A60FF4486}.Debug|Any CPU.Build.0 = Debug|Any CPU
		{2D334522-A9D8-4CC2-8E8E-313A60FF4486}.Release|Any CPU.ActiveCfg = Release|Any CPU
		{2D334522-A9D8-4CC2-8E8E-313A60FF4486}.Release|Any CPU.Build.0 = Release|Any CPU
	EndGlobalSection
	GlobalSection(SolutionProperties) = preSolution
		HideSolutionNode = FALSE
	EndGlobalSection
	GlobalSection(ExtensibilityGlobals) = postSolution
		SolutionGuid = {3B7ACB3F-9119-4D40-8BA5-F783BF4F9A97}
	EndGlobalSection
EndGlobal
